
Microsoft Visual Studio Solution File, Format Version 12.00
# Visual Studio Version 16
VisualStudioVersion = 16.0.30907.101
MinimumVisualStudioVersion = 10.0.40219.1
Project("{9A19103F-16F7-4668-BE54-9A1E7A4F7556}") = "lab-3-csd", "lab-3-csd\lab-3-csd.csproj", "{185602F3-0552-474B-B26E-DF73F8EDB585}"
EndProject
Project("{FAE04EC0-301F-11D3-BF4B-00C04F79EFBC}") = "Lab3Tests", "Lab3Tests\Lab3Tests.csproj", "{D0E4CEC4-9AB5-4458-A32B-F9DA84A585F2}"
EndProject
Global
	GlobalSection(SolutionConfigurationPlatforms) = preSolution
		Debug|Any CPU = Debug|Any CPU
		Release|Any CPU = Release|Any CPU
	EndGlobalSection
	GlobalSection(ProjectConfigurationPlatforms) = postSolution
		{185602F3-0552-474B-B26E-DF73F8EDB585}.Debug|Any CPU.ActiveCfg = Debug|Any CPU
		{185602F3-0552-474B-B26E-DF73F8EDB585}.Debug|Any CPU.Build.0 = Debug|Any CPU
		{185602F3-0552-474B-B26E-DF73F8EDB585}.Release|Any CPU.ActiveCfg = Release|Any CPU
		{185602F3-0552-474B-B26E-DF73F8EDB585}.Release|Any CPU.Build.0 = Release|Any CPU
		{D0E4CEC4-9AB5-4458-A32B-F9DA84A585F2}.Debug|Any CPU.ActiveCfg = Debug|Any CPU
		{D0E4CEC4-9AB5-4458-A32B-F9DA84A585F2}.Debug|Any CPU.Build.0 = Debug|Any CPU
		{D0E4CEC4-9AB5-4458-A32B-F9DA84A585F2}.Release|Any CPU.ActiveCfg = Release|Any CPU
		{D0E4CEC4-9AB5-4458-A32B-F9DA84A585F2}.Release|Any CPU.Build.0 = Release|Any CPU
	EndGlobalSection
	GlobalSection(SolutionProperties) = preSolution
		HideSolutionNode = FALSE
	EndGlobalSection
	GlobalSection(ExtensibilityGlobals) = postSolution
		SolutionGuid = {BD090B36-B06C-431B-9004-A787490C1CB6}
	EndGlobalSection
EndGlobal
